
Microsoft Visual Studio Solution File, Format Version 11.00
# Visual Studio 2010
Project("{FAE04EC0-301F-11D3-BF4B-00C04F79EFBC}") = "eSelenium.E2E", "eSelenium.E2E.csproj", "{EA67A517-2C95-4E2E-9A09-22FE7D917CDF}"
EndProject
Global
	GlobalSection(SolutionConfigurationPlatforms) = preSolution
		Debug|Any CPU = Debug|Any CPU
		Release|Any CPU = Release|Any CPU
	EndGlobalSection
	GlobalSection(ProjectConfigurationPlatforms) = postSolution
		{EA67A517-2C95-4E2E-9A09-22FE7D917CDF}.Debug|Any CPU.ActiveCfg = Debug|Any CPU
		{EA67A517-2C95-4E2E-9A09-22FE7D917CDF}.Debug|Any CPU.Build.0 = Debug|Any CPU
		{EA67A517-2C95-4E2E-9A09-22FE7D917CDF}.Release|Any CPU.ActiveCfg = Release|Any CPU
		{EA67A517-2C95-4E2E-9A09-22FE7D917CDF}.Release|Any CPU.Build.0 = Release|Any CPU
	EndGlobalSection
	GlobalSection(SolutionProperties) = preSolution
		HideSolutionNode = FALSE
	EndGlobalSection
EndGlobal
